{
  "name": "AdventOfCode2022",
  "lockfileVersion": 2,
  "requires": true,
  "packages": {
    "": {
      "dependencies": {
        "pycollections": "^0.9.0"
      },
      "devDependencies": {
        "@types/node": "^18.11.10"
      }
    },
    "node_modules/@types/node": {
      "version": "18.11.10",
      "resolved": "https://registry.npmjs.org/@types/node/-/node-18.11.10.tgz",
      "integrity": "sha512-juG3RWMBOqcOuXC643OAdSA525V44cVgGV6dUDuiFtss+8Fk5x1hI93Rsld43VeJVIeqlP9I7Fn9/qaVqoEAuQ==",
      "dev": true
    },
    "node_modules/pycollections": {
      "version": "0.9.0",
      "resolved": "https://registry.npmjs.org/pycollections/-/pycollections-0.9.0.tgz",
      "integrity": "sha512-K1nAObU9cAT7M192JSDc1iDVa0QG6kj5HJ+YkRvpEf+sYlc2HtWkfwFe4As7wg/todcOuUOrmNNsZfvz8cfQtw=="
    }
  },
  "dependencies": {
    "@types/node": {
      "version": "18.11.10",
      "resolved": "https://registry.npmjs.org/@types/node/-/node-18.11.10.tgz",
      "integrity": "sha512-juG3RWMBOqcOuXC643OAdSA525V44cVgGV6dUDuiFtss+8Fk5x1hI93Rsld43VeJVIeqlP9I7Fn9/qaVqoEAuQ==",
      "dev": true
    },
    "pycollections": {
      "version": "0.9.0",
      "resolved": "https://registry.npmjs.org/pycollections/-/pycollections-0.9.0.tgz",
      "integrity": "sha512-K1nAObU9cAT7M192JSDc1iDVa0QG6kj5HJ+YkRvpEf+sYlc2HtWkfwFe4As7wg/todcOuUOrmNNsZfvz8cfQtw=="
    }
  }
}
